
Microsoft Visual Studio Solution File, Format Version 12.00
# Visual Studio 2013
VisualStudioVersion = 12.0.31101.0
MinimumVisualStudioVersion = 10.0.40219.1
Project("{FAE04EC0-301F-11D3-BF4B-00C04F79EFBC}") = "Business", "Business\Business.csproj", "{5883382E-6E68-4AF7-91CC-926DAD2CF3EA}"
EndProject
Project("{FAE04EC0-301F-11D3-BF4B-00C04F79EFBC}") = "WebApplication", "WebApplication\WebApplication.csproj", "{6D72586D-8A86-43AC-B017-703E59ACB5FD}"
EndProject
Project("{FAE04EC0-301F-11D3-BF4B-00C04F79EFBC}") = "DesktopApplication", "DesktopApplication\DesktopApplication.csproj", "{9A7D987E-CA71-4773-87C5-302E69F52EE5}"
	ProjectSection(ProjectDependencies) = postProject
		{730926F7-389A-4E90-9543-6A94CE44306D} = {730926F7-389A-4E90-9543-6A94CE44306D}
	EndProjectSection
EndProject
Project("{FAE04EC0-301F-11D3-BF4B-00C04F79EFBC}") = "Data", "Data\Data.csproj", "{F4F60E45-8E89-4D11-9EB6-E1FD8F189048}"
EndProject
Project("{FAE04EC0-301F-11D3-BF4B-00C04F79EFBC}") = "WebService", "WebService\WebService.csproj", "{730926F7-389A-4E90-9543-6A94CE44306D}"
EndProject
Project("{FAE04EC0-301F-11D3-BF4B-00C04F79EFBC}") = "Business.Tests", "Business.Tests\Business.Tests.csproj", "{4B608205-77F7-44A6-A4E6-F3A5627F74CF}"
EndProject
Project("{FAE04EC0-301F-11D3-BF4B-00C04F79EFBC}") = "WebService.Tests", "WebService.Tests\WebService.Tests.csproj", "{47C5EF5D-C31A-4272-BE78-3FE18E154187}"
EndProject
Project("{FAE04EC0-301F-11D3-BF4B-00C04F79EFBC}") = "Data.Tests", "Data.Tests\Data.Tests.csproj", "{3C9C7A53-7BD7-471E-A7D2-69B41C75A067}"
EndProject
Global
	GlobalSection(SolutionConfigurationPlatforms) = preSolution
		Debug|Any CPU = Debug|Any CPU
		Release|Any CPU = Release|Any CPU
	EndGlobalSection
	GlobalSection(ProjectConfigurationPlatforms) = postSolution
		{5883382E-6E68-4AF7-91CC-926DAD2CF3EA}.Debug|Any CPU.ActiveCfg = Debug|Any CPU
		{5883382E-6E68-4AF7-91CC-926DAD2CF3EA}.Debug|Any CPU.Build.0 = Debug|Any CPU
		{5883382E-6E68-4AF7-91CC-926DAD2CF3EA}.Release|Any CPU.ActiveCfg = Release|Any CPU
		{5883382E-6E68-4AF7-91CC-926DAD2CF3EA}.Release|Any CPU.Build.0 = Release|Any CPU
		{6D72586D-8A86-43AC-B017-703E59ACB5FD}.Debug|Any CPU.ActiveCfg = Debug|Any CPU
		{6D72586D-8A86-43AC-B017-703E59ACB5FD}.Debug|Any CPU.Build.0 = Debug|Any CPU
		{6D72586D-8A86-43AC-B017-703E59ACB5FD}.Release|Any CPU.ActiveCfg = Release|Any CPU
		{6D72586D-8A86-43AC-B017-703E59ACB5FD}.Release|Any CPU.Build.0 = Release|Any CPU
		{9A7D987E-CA71-4773-87C5-302E69F52EE5}.Debug|Any CPU.ActiveCfg = Debug|Any CPU
		{9A7D987E-CA71-4773-87C5-302E69F52EE5}.Debug|Any CPU.Build.0 = Debug|Any CPU
		{9A7D987E-CA71-4773-87C5-302E69F52EE5}.Release|Any CPU.ActiveCfg = Release|Any CPU
		{9A7D987E-CA71-4773-87C5-302E69F52EE5}.Release|Any CPU.Build.0 = Release|Any CPU
		{F4F60E45-8E89-4D11-9EB6-E1FD8F189048}.Debug|Any CPU.ActiveCfg = Debug|Any CPU
		{F4F60E45-8E89-4D11-9EB6-E1FD8F189048}.Debug|Any CPU.Build.0 = Debug|Any CPU
		{F4F60E45-8E89-4D11-9EB6-E1FD8F189048}.Release|Any CPU.ActiveCfg = Release|Any CPU
		{F4F60E45-8E89-4D11-9EB6-E1FD8F189048}.Release|Any CPU.Build.0 = Release|Any CPU
		{730926F7-389A-4E90-9543-6A94CE44306D}.Debug|Any CPU.ActiveCfg = Debug|Any CPU
		{730926F7-389A-4E90-9543-6A94CE44306D}.Debug|Any CPU.Build.0 = Debug|Any CPU
		{730926F7-389A-4E90-9543-6A94CE44306D}.Release|Any CPU.ActiveCfg = Release|Any CPU
		{730926F7-389A-4E90-9543-6A94CE44306D}.Release|Any CPU.Build.0 = Release|Any CPU
		{4B608205-77F7-44A6-A4E6-F3A5627F74CF}.Debug|Any CPU.ActiveCfg = Debug|Any CPU
		{4B608205-77F7-44A6-A4E6-F3A5627F74CF}.Debug|Any CPU.Build.0 = Debug|Any CPU
		{4B608205-77F7-44A6-A4E6-F3A5627F74CF}.Release|Any CPU.ActiveCfg = Release|Any CPU
		{4B608205-77F7-44A6-A4E6-F3A5627F74CF}.Release|Any CPU.Build.0 = Release|Any CPU
		{47C5EF5D-C31A-4272-BE78-3FE18E154187}.Debug|Any CPU.ActiveCfg = Debug|Any CPU
		{47C5EF5D-C31A-4272-BE78-3FE18E154187}.Debug|Any CPU.Build.0 = Debug|Any CPU
		{47C5EF5D-C31A-4272-BE78-3FE18E154187}.Release|Any CPU.ActiveCfg = Release|Any CPU
		{47C5EF5D-C31A-4272-BE78-3FE18E154187}.Release|Any CPU.Build.0 = Release|Any CPU
		{3C9C7A53-7BD7-471E-A7D2-69B41C75A067}.Debug|Any CPU.ActiveCfg = Debug|Any CPU
		{3C9C7A53-7BD7-471E-A7D2-69B41C75A067}.Debug|Any CPU.Build.0 = Debug|Any CPU
		{3C9C7A53-7BD7-471E-A7D2-69B41C75A067}.Release|Any CPU.ActiveCfg = Release|Any CPU
		{3C9C7A53-7BD7-471E-A7D2-69B41C75A067}.Release|Any CPU.Build.0 = Release|Any CPU
	EndGlobalSection
	GlobalSection(SolutionProperties) = preSolution
		HideSolutionNode = FALSE
	EndGlobalSection
EndGlobal
